
Microsoft Visual Studio Solution File, Format Version 12.00
# Visual Studio Version 17
VisualStudioVersion = 17.9.34622.214
MinimumVisualStudioVersion = 10.0.40219.1
Project("{FAE04EC0-301F-11D3-BF4B-00C04F79EFBC}") = "JuanApp", "JuanApp\JuanApp.csproj", "{0B6005F7-F9D8-4EE9-9D1E-40097DCA1A11}"
EndProject
Global
	GlobalSection(SolutionConfigurationPlatforms) = preSolution
		Debug|Any CPU = Debug|Any CPU
		Release|Any CPU = Release|Any CPU
	EndGlobalSection
	GlobalSection(ProjectConfigurationPlatforms) = postSolution
		{0B6005F7-F9D8-4EE9-9D1E-40097DCA1A11}.Debug|Any CPU.ActiveCfg = Debug|Any CPU
		{0B6005F7-F9D8-4EE9-9D1E-40097DCA1A11}.Debug|Any CPU.Build.0 = Debug|Any CPU
		{0B6005F7-F9D8-4EE9-9D1E-40097DCA1A11}.Release|Any CPU.ActiveCfg = Release|Any CPU
		{0B6005F7-F9D8-4EE9-9D1E-40097DCA1A11}.Release|Any CPU.Build.0 = Release|Any CPU
	EndGlobalSection
	GlobalSection(SolutionProperties) = preSolution
		HideSolutionNode = FALSE
	EndGlobalSection
	GlobalSection(ExtensibilityGlobals) = postSolution
		SolutionGuid = {4EA58455-F644-48AC-B778-9B8041332718}
	EndGlobalSection
EndGlobal
